{
    "_readme": [
        "This file locks the dependencies of your project to a known state",
        "Read more about it at https://getcomposer.org/doc/01-basic-usage.md#composer-lock-the-lock-file",
        "This file is @generated automatically"
    ],
    "hash": "397288924164bd7feb906154e69c9288",
    "packages": [
        {
            "name": "asticode/php-data-mapper",
            "version": "dev-master",
            "source": {
                "type": "git",
                "url": "https://github.com/asticode/php-data-mapper.git",
                "reference": "5120bfe7b86118c870cebc596a8580c787541462"
            },
            "dist": {
                "type": "zip",
                "url": "https://api.github.com/repos/asticode/php-data-mapper/zipball/5120bfe7b86118c870cebc596a8580c787541462",
                "reference": "5120bfe7b86118c870cebc596a8580c787541462",
                "shasum": ""
            },
            "require": {
                "asticode/php-toolbox": "dev-master",
                "aura/sql": "~2.4.0",
                "php": ">=5.3.0"
            },
            "type": "library",
            "autoload": {
                "psr-4": {
                    "Asticode\\DataMapper\\": "src/"
                }
            },
            "notification-url": "https://packagist.org/downloads/",
            "license": [
                "MIT"
            ],
            "authors": [
                {
                    "name": "Quentin RENARD",
                    "email": "contact@asticode.com",
                    "homepage": "http://asticode.com",
                    "role": "Developer"
                }
            ],
            "description": "Mapper and Repository factories that implements the Data Mapper structure",
            "homepage": "https://github.com/asticode/php-data-mapper",
            "keywords": [
                "data",
                "mapper",
                "php"
            ],
            "time": "2015-09-26 13:34:32"
        },
        {
            "name": "asticode/php-file-manager",
            "version": "dev-master",
            "source": {
                "type": "git",
                "url": "https://github.com/asticode/php-file-manager.git",
                "reference": "ed88691c4cc9cda7c043ff1b8ae2983ec166ec10"
            },
            "dist": {
                "type": "zip",
                "url": "https://api.github.com/repos/asticode/php-file-manager/zipball/ed88691c4cc9cda7c043ff1b8ae2983ec166ec10",
                "reference": "ed88691c4cc9cda7c043ff1b8ae2983ec166ec10",
                "shasum": ""
            },
            "require": {
                "asticode/php-toolbox": "dev-master",
                "php": ">=5.3.0"
            },
            "type": "library",
            "autoload": {
                "psr-4": {
                    "Asticode\\FileManager\\": "src/"
                }
            },
            "notification-url": "https://packagist.org/downloads/",
            "license": [
                "MIT"
            ],
            "authors": [
                {
                    "name": "Quentin RENARD",
                    "email": "contact@asticode.com",
                    "homepage": "http://asticode.com",
                    "role": "Developer"
                }
            ],
            "description": "File manager to handle cross-datasources copy as well as simple file actions on the most common datasources",
            "homepage": "https://github.com/asticode/php-file-manager",
            "keywords": [
                "file",
                "ftp",
                "manager",
                "php",
                "unix"
            ],
            "time": "2015-09-26 12:35:50"
        },
        {
            "name": "asticode/php-toolbox",
            "version": "dev-master",
            "source": {
                "type": "git",
                "url": "https://github.com/asticode/php-toolbox.git",
                "reference": "1aa6e2ce7ced9cda1a4b893980b2847bc7217779"
            },
            "dist": {
                "type": "zip",
                "url": "https://api.github.com/repos/asticode/php-toolbox/zipball/1aa6e2ce7ced9cda1a4b893980b2847bc7217779",
                "reference": "1aa6e2ce7ced9cda1a4b893980b2847bc7217779",
                "shasum": ""
            },
            "require": {
                "php": ">=5.3.0"
            },
            "type": "library",
            "autoload": {
                "psr-4": {
                    "Asticode\\Toolbox\\": "src/"
                }
            },
            "notification-url": "https://packagist.org/downloads/",
            "license": [
                "MIT"
            ],
            "authors": [
                {
                    "name": "Quentin RENARD",
                    "email": "contact@asticode.com",
                    "homepage": "http://asticode.com",
                    "role": "Developer"
                }
            ],
            "description": "Static methods to ease PHP developments",
            "homepage": "https://github.com/asticode/php-toolbox",
            "keywords": [
                "Toolbox",
                "array",
                "php",
                "shell",
                "string"
            ],
            "time": "2015-09-26 13:28:32"
        },
        {
            "name": "aura/sql",
            "version": "2.4.3",
            "source": {
                "type": "git",
                "url": "https://github.com/auraphp/Aura.Sql.git",
                "reference": "69ade8ae9920751da9a020eb78f5ed6ee4ac6a88"
            },
            "dist": {
                "type": "zip",
                "url": "https://api.github.com/repos/auraphp/Aura.Sql/zipball/69ade8ae9920751da9a020eb78f5ed6ee4ac6a88",
                "reference": "69ade8ae9920751da9a020eb78f5ed6ee4ac6a88",
                "shasum": ""
            },
            "require": {
                "php": ">=5.3.0"
            },
            "type": "library",
            "extra": {
                "aura": {
                    "type": "library"
                }
            },
            "autoload": {
                "psr-4": {
                    "Aura\\Sql\\": "src/"
                }
            },
            "notification-url": "https://packagist.org/downloads/",
            "license": [
                "BSD-2-Clause"
            ],
            "authors": [
                {
                    "name": "Aura.Sql Contributors",
                    "homepage": "https://github.com/auraphp/Aura.Sql/contributors"
                }
            ],
            "description": "A PDO extension that provides lazy connections, array quoting, identifier quoting, query profiling, value binding, and convenience methods for common fetch styles. Because it extends PDO, existing code that uses PDO can use this without any changes to the existing code.",
            "homepage": "https://github.com/auraphp/Aura.Sql",
            "keywords": [
                "mysql",
                "pdo",
                "pgsql",
                "postgres",
                "postgresql",
                "sql server",
                "sqlite",
                "sqlserver",
                "sqlsrv"
            ],
            "time": "2015-03-27 20:02:04"
        },
        {
            "name": "monolog/monolog",
            "version": "1.17.1",
            "source": {
                "type": "git",
                "url": "https://github.com/Seldaek/monolog.git",
                "reference": "0524c87587ab85bc4c2d6f5b41253ccb930a5422"
            },
            "dist": {
                "type": "zip",
                "url": "https://api.github.com/repos/Seldaek/monolog/zipball/0524c87587ab85bc4c2d6f5b41253ccb930a5422",
                "reference": "0524c87587ab85bc4c2d6f5b41253ccb930a5422",
                "shasum": ""
            },
            "require": {
                "php": ">=5.3.0",
                "psr/log": "~1.0"
            },
            "provide": {
                "psr/log-implementation": "1.0.0"
            },
            "require-dev": {
                "aws/aws-sdk-php": "^2.4.9",
                "doctrine/couchdb": "~1.0@dev",
                "graylog2/gelf-php": "~1.0",
                "php-console/php-console": "^3.1.3",
                "phpunit/phpunit": "~4.5",
                "phpunit/phpunit-mock-objects": "2.3.0",
                "raven/raven": "~0.11",
                "ruflin/elastica": ">=0.90 <3.0",
                "swiftmailer/swiftmailer": "~5.3",
                "videlalvaro/php-amqplib": "~2.4"
            },
            "suggest": {
                "aws/aws-sdk-php": "Allow sending log messages to AWS services like DynamoDB",
                "doctrine/couchdb": "Allow sending log messages to a CouchDB server",
                "ext-amqp": "Allow sending log messages to an AMQP server (1.0+ required)",
                "ext-mongo": "Allow sending log messages to a MongoDB server",
                "graylog2/gelf-php": "Allow sending log messages to a GrayLog2 server",
                "php-console/php-console": "Allow sending log messages to Google Chrome",
                "raven/raven": "Allow sending log messages to a Sentry server",
                "rollbar/rollbar": "Allow sending log messages to Rollbar",
                "ruflin/elastica": "Allow sending log messages to an Elastic Search server",
                "videlalvaro/php-amqplib": "Allow sending log messages to an AMQP server using php-amqplib"
            },
            "type": "library",
            "extra": {
                "branch-alias": {
                    "dev-master": "1.16.x-dev"
                }
            },
            "autoload": {
                "psr-4": {
                    "Monolog\\": "src/Monolog"
                }
            },
            "notification-url": "https://packagist.org/downloads/",
            "license": [
                "MIT"
            ],
            "authors": [
                {
                    "name": "Jordi Boggiano",
                    "email": "j.boggiano@seld.be",
                    "homepage": "http://seld.be"
                }
            ],
            "description": "Sends your logs to files, sockets, inboxes, databases and various web services",
            "homepage": "http://github.com/Seldaek/monolog",
            "keywords": [
                "log",
                "logging",
                "psr-3"
            ],
            "time": "2015-08-31 09:17:37"
        },
        {
            "name": "psr/log",
            "version": "1.0.0",
            "source": {
                "type": "git",
                "url": "https://github.com/php-fig/log.git",
                "reference": "fe0936ee26643249e916849d48e3a51d5f5e278b"
            },
            "dist": {
                "type": "zip",
                "url": "https://api.github.com/repos/php-fig/log/zipball/fe0936ee26643249e916849d48e3a51d5f5e278b",
                "reference": "fe0936ee26643249e916849d48e3a51d5f5e278b",
                "shasum": ""
            },
            "type": "library",
            "autoload": {
                "psr-0": {
                    "Psr\\Log\\": ""
                }
            },
            "notification-url": "https://packagist.org/downloads/",
            "license": [
                "MIT"
            ],
            "authors": [
                {
                    "name": "PHP-FIG",
                    "homepage": "http://www.php-fig.org/"
                }
            ],
            "description": "Common interface for logging libraries",
            "keywords": [
                "log",
                "psr",
                "psr-3"
            ],
            "time": "2012-12-21 11:40:51"
        },
        {
            "name": "symfony/console",
            "version": "v2.7.5",
            "source": {
                "type": "git",
                "url": "https://github.com/symfony/console.git",
                "reference": "06cb17c013a82f94a3d840682b49425cd00a2161"
            },
            "dist": {
                "type": "zip",
                "url": "https://api.github.com/repos/symfony/console/zipball/06cb17c013a82f94a3d840682b49425cd00a2161",
                "reference": "06cb17c013a82f94a3d840682b49425cd00a2161",
                "shasum": ""
            },
            "require": {
                "php": ">=5.3.9"
            },
            "require-dev": {
                "psr/log": "~1.0",
                "symfony/event-dispatcher": "~2.1",
                "symfony/phpunit-bridge": "~2.7",
                "symfony/process": "~2.1"
            },
            "suggest": {
                "psr/log": "For using the console logger",
                "symfony/event-dispatcher": "",
                "symfony/process": ""
            },
            "type": "library",
            "extra": {
                "branch-alias": {
                    "dev-master": "2.7-dev"
                }
            },
            "autoload": {
                "psr-4": {
                    "Symfony\\Component\\Console\\": ""
                }
            },
            "notification-url": "https://packagist.org/downloads/",
            "license": [
                "MIT"
            ],
            "authors": [
                {
                    "name": "Fabien Potencier",
                    "email": "fabien@symfony.com"
                },
                {
                    "name": "Symfony Community",
                    "homepage": "https://symfony.com/contributors"
                }
            ],
            "description": "Symfony Console Component",
            "homepage": "https://symfony.com",
            "time": "2015-09-25 08:32:23"
        }
    ],
    "packages-dev": [],
    "aliases": [],
    "minimum-stability": "stable",
    "stability-flags": {
        "asticode/php-toolbox": 20,
        "asticode/php-file-manager": 20,
        "asticode/php-data-mapper": 20
    },
    "prefer-stable": false,
    "prefer-lowest": false,
    "platform": {
        "php": ">=5.3.0",
        "ext-pdo_mysql": "*"
    },
    "platform-dev": []
}
